<?xml version="1.0" encoding="utf-8"?>
<Project ToolsVersion="4.0" xmlns="http://schemas.microsoft.com/developer/msbuild/2003">
  <ItemGroup>
    <Filter Include="Source Files">
      <UniqueIdentifier>{4FC737F1-C7A5-4376-A066-2A32D752A2FF}</UniqueIdentifier>
      <Extensions>cpp;c;cc;cxx;c++;cppm;ixx;def;odl;idl;hpj;bat;asm;asmx</Extensions>
    </Filter>
    <Filter Include="Header Files">
      <UniqueIdentifier>{93995380-89BD-4b04-88EB-625FBE52EBFB}</UniqueIdentifier>
      <Extensions>h;hh;hpp;hxx;h++;hm;inl;inc;ipp;xsd</Extensions>
    </Filter>
    <Filter Include="Resource Files">
      <UniqueIdentifier>{67DA6AB6-F800-4c08-8B7A-83BB121AAD01}</UniqueIdentifier>
      <Extensions>rc;ico;cur;bmp;dlg;rc2;rct;bin;rgs;gif;jpg;jpeg;jpe;resx;tiff;tif;png;wav;mfcribbon-ms</Extensions>
    </Filter>
  </ItemGroup>
  <ItemGroup>
    <ClCompile Include="Source.c">
      <Filter>Source Files</Filter>
    </ClCompile>
    <ClCompile Include="ListaDeListe.c">
      <Filter>Source Files</Filter>
    </ClCompile>
    <ClCompile Include="Stiva.c">
      <Filter>Source Files</Filter>
    </ClCompile>
    <ClCompile Include="Coada.c">
      <Filter>Source Files</Filter>
    </ClCompile>
    <ClCompile Include="HashTableChaining.c">
      <Filter>Source Files</Filter>
    </ClCompile>
    <ClCompile Include="Ex_hashtable.c">
      <Filter>Source Files</Filter>
    </ClCompile>
    <ClCompile Include="1.Recapitulare.c">
      <Filter>Source Files</Filter>
    </ClCompile>
    <ClCompile Include="ListaSimpla.c">
      <Filter>Source Files</Filter>
    </ClCompile>
    <ClCompile Include="ListaDubla.c">
      <Filter>Source Files</Filter>
    </ClCompile>
    <ClCompile Include="ListaCirculara.c">
      <Filter>Source Files</Filter>
    </ClCompile>
    <ClCompile Include="ListaDublaCirculara.c">
      <Filter>Source Files</Filter>
    </ClCompile>
    <ClCompile Include="extra1_ListaDubla.c">
      <Filter>Source Files</Filter>
    </ClCompile>
    <ClCompile Include="extra1_ListaDublaCirculara.c">
      <Filter>Source Files</Filter>
    </ClCompile>
    <ClCompile Include="extra1_ListaCirculara.c">
      <Filter>Source Files</Filter>
    </ClCompile>
    <ClCompile Include="extra1_ListaDeListe.c">
      <Filter>Source Files</Filter>
    </ClCompile>
    <ClCompile Include="ABC.c">
      <Filter>Source Files</Filter>
    </ClCompile>
    <ClCompile Include="AVL.c">
      <Filter>Resource Files</Filter>
    </ClCompile>
    <ClCompile Include="extra1_ListaSimpla.c">
      <Filter>Source Files</Filter>
    </ClCompile>
    <ClCompile Include="extra1_HashTable.c">
      <Filter>Source Files</Filter>
    </ClCompile>
    <ClCompile Include="ex2_ListaSimpla.c">
      <Filter>Source Files</Filter>
    </ClCompile>
    <ClCompile Include="ex2_ListaDubla.c">
      <Filter>Source Files</Filter>
    </ClCompile>
    <ClCompile Include="ex2_hashTable.c">
      <Filter>Source Files</Filter>
    </ClCompile>
    <ClCompile Include="ex3_hashTable.c">
      <Filter>Source Files</Filter>
    </ClCompile>
    <ClCompile Include="ex3_ListaSimpla.c">
      <Filter>Source Files</Filter>
    </ClCompile>
    <ClCompile Include="ex3_ListaDubla.c">
      <Filter>Source Files</Filter>
    </ClCompile>
    <ClCompile Include="ex4_ListaSimpla.c">
      <Filter>Source Files</Filter>
    </ClCompile>
    <ClCompile Include="ex5_ListaSimpla.c">
      <Filter>Source Files</Filter>
    </ClCompile>
    <ClCompile Include="ex5_ListaDubla.c">
      <Filter>Source Files</Filter>
    </ClCompile>
    <ClCompile Include="ex5_hashTable.c">
      <Filter>Source Files</Filter>
    </ClCompile>
    <ClCompile Include="AVL2.c">
      <Filter>Source Files</Filter>
    </ClCompile>
    <ClCompile Include="ex1_ABC.c">
      <Filter>Source Files</Filter>
    </ClCompile>
    <ClCompile Include="heap.c">
      <Filter>Source Files</Filter>
    </ClCompile>
    <ClCompile Include="heap2.c">
      <Filter>Source Files</Filter>
    </ClCompile>
  </ItemGroup>
  <ItemGroup>
    <Text Include="fisierListaDeListe.txt">
      <Filter>Resource Files</Filter>
    </Text>
    <Text Include="fisierStiva.txt">
      <Filter>Resource Files</Filter>
    </Text>
    <Text Include="fisierCoada.txt">
      <Filter>Resource Files</Filter>
    </Text>
    <Text Include="fisierHash.txt">
      <Filter>Resource Files</Filter>
    </Text>
    <Text Include="fisierEx_hashtable.txt">
      <Filter>Resource Files</Filter>
    </Text>
    <Text Include="ListaSimplaStudenti.txt">
      <Filter>Resource Files</Filter>
    </Text>
    <Text Include="fisierListaDubla.txt">
      <Filter>Resource Files</Filter>
    </Text>
    <Text Include="fisierListaCirculara.txt">
      <Filter>Resource Files</Filter>
    </Text>
    <Text Include="fisierListaDublaCirculara.txt">
      <Filter>Resource Files</Filter>
    </Text>
    <Text Include="extra1_ListaDubla_fisier.txt">
      <Filter>Resource Files</Filter>
    </Text>
    <Text Include="extra1_ListaDublaCirculara_fisier.txt">
      <Filter>Resource Files</Filter>
    </Text>
    <Text Include="extra1_ListaCirculara_fisier.txt">
      <Filter>Resource Files</Filter>
    </Text>
    <Text Include="fisierABC.txt">
      <Filter>Resource Files</Filter>
    </Text>
    <Text Include="extra1_ListaDeListe_fisier.txt">
      <Filter>Resource Files</Filter>
    </Text>
    <Text Include="extra1_ListaSimpla.txt">
      <Filter>Resource Files</Filter>
    </Text>
    <Text Include="extra1_HashTable.txt">
      <Filter>Resource Files</Filter>
    </Text>
    <Text Include="ex2_ListaSimpla.txt">
      <Filter>Resource Files</Filter>
    </Text>
    <Text Include="ex2_ListaDubla.txt">
      <Filter>Resource Files</Filter>
    </Text>
    <Text Include="ex2_hashTable.txt">
      <Filter>Resource Files</Filter>
    </Text>
    <Text Include="ex3_hashTable.txt">
      <Filter>Resource Files</Filter>
    </Text>
    <Text Include="ex3_ListaSimpla.txt">
      <Filter>Resource Files</Filter>
    </Text>
    <Text Include="ex3_ListaDubla.txt">
      <Filter>Resource Files</Filter>
    </Text>
    <Text Include="ex5_ListaSimpla.txt">
      <Filter>Resource Files</Filter>
    </Text>
    <Text Include="avl_rezervari.txt">
      <Filter>Resource Files</Filter>
    </Text>
    <Text Include="ex1_ABC.txt">
      <Filter>Resource Files</Filter>
    </Text>
    <Text Include="fisierHeap.txt">
      <Filter>Resource Files</Filter>
    </Text>
  </ItemGroup>
</Project>